
Microsoft Visual Studio Solution File, Format Version 12.00
Project("{8BC9CEB8-8B4A-11D0-8D11-00A0C91BC942}") = "XOR_Numbers", "XOR_Numbers\XOR_Numbers.vcxproj", "{5B7F52A6-D84C-4F6C-8CD3-83F55D833618}"
EndProject
Global
	GlobalSection(SolutionConfigurationPlatforms) = preSolution
		Debug|Win32 = Debug|Win32
		Debug|x64 = Debug|x64
		Release|Win32 = Release|Win32
		Release|x64 = Release|x64
	EndGlobalSection
	GlobalSection(ProjectConfigurationPlatforms) = postSolution
		{5B7F52A6-D84C-4F6C-8CD3-83F55D833618}.Debug|Win32.ActiveCfg = Debug|Win32
		{5B7F52A6-D84C-4F6C-8CD3-83F55D833618}.Debug|Win32.Build.0 = Debug|Win32
		{5B7F52A6-D84C-4F6C-8CD3-83F55D833618}.Debug|x64.ActiveCfg = Debug|x64
		{5B7F52A6-D84C-4F6C-8CD3-83F55D833618}.Debug|x64.Build.0 = Debug|x64
		{5B7F52A6-D84C-4F6C-8CD3-83F55D833618}.Release|Win32.ActiveCfg = Release|Win32
		{5B7F52A6-D84C-4F6C-8CD3-83F55D833618}.Release|Win32.Build.0 = Release|Win32
		{5B7F52A6-D84C-4F6C-8CD3-83F55D833618}.Release|x64.ActiveCfg = Release|x64
		{5B7F52A6-D84C-4F6C-8CD3-83F55D833618}.Release|x64.Build.0 = Release|x64
	EndGlobalSection
EndGlobal
